
Microsoft Visual Studio Solution File, Format Version 11.00
# Visual Studio 2010
Project("{FAE04EC0-301F-11D3-BF4B-00C04F79EFBC}") = "OpenGLSnapshotDemo", "OpenGLSnapshotDemo\OpenGLSnapshotDemo.csproj", "{A430DFCA-406D-48B6-BDB3-6FF86BD1E403}"
EndProject
Global
	GlobalSection(SolutionConfigurationPlatforms) = preSolution
		Debug|iPhoneSimulator = Debug|iPhoneSimulator
		Release|iPhoneSimulator = Release|iPhoneSimulator
		Debug|iPhone = Debug|iPhone
		Release|iPhone = Release|iPhone
		Ad-Hoc|iPhone = Ad-Hoc|iPhone
		AppStore|iPhone = AppStore|iPhone
	EndGlobalSection
	GlobalSection(ProjectConfigurationPlatforms) = postSolution
		{A430DFCA-406D-48B6-BDB3-6FF86BD1E403}.Ad-Hoc|iPhone.ActiveCfg = Ad-Hoc|iPhone
		{A430DFCA-406D-48B6-BDB3-6FF86BD1E403}.Ad-Hoc|iPhone.Build.0 = Ad-Hoc|iPhone
		{A430DFCA-406D-48B6-BDB3-6FF86BD1E403}.AppStore|iPhone.ActiveCfg = AppStore|iPhone
		{A430DFCA-406D-48B6-BDB3-6FF86BD1E403}.AppStore|iPhone.Build.0 = AppStore|iPhone
		{A430DFCA-406D-48B6-BDB3-6FF86BD1E403}.Debug|iPhone.ActiveCfg = Debug|iPhone
		{A430DFCA-406D-48B6-BDB3-6FF86BD1E403}.Debug|iPhone.Build.0 = Debug|iPhone
		{A430DFCA-406D-48B6-BDB3-6FF86BD1E403}.Debug|iPhoneSimulator.ActiveCfg = Debug|iPhoneSimulator
		{A430DFCA-406D-48B6-BDB3-6FF86BD1E403}.Debug|iPhoneSimulator.Build.0 = Debug|iPhoneSimulator
		{A430DFCA-406D-48B6-BDB3-6FF86BD1E403}.Release|iPhone.ActiveCfg = Release|iPhone
		{A430DFCA-406D-48B6-BDB3-6FF86BD1E403}.Release|iPhone.Build.0 = Release|iPhone
		{A430DFCA-406D-48B6-BDB3-6FF86BD1E403}.Release|iPhoneSimulator.ActiveCfg = Release|iPhoneSimulator
		{A430DFCA-406D-48B6-BDB3-6FF86BD1E403}.Release|iPhoneSimulator.Build.0 = Release|iPhoneSimulator
	EndGlobalSection
	GlobalSection(MonoDevelopProperties) = preSolution
		StartupItem = OpenGLSnapshotDemo\OpenGLSnapshotDemo.csproj
	EndGlobalSection
EndGlobal
